// !$*UTF8*$!
{
	archiveVersion = 1;
	classes = {
	};
	objectVersion = 46;
	objects = {

/* Begin PBXBuildFile section */
		E61345E619C6EC3600B57A63 /* main.cpp in Sources */ = {isa = PBXBuildFile; fileRef = E61345E519C6EC3600B57A63 /* main.cpp */; };
		E61345E819C6EC3600B57A63 /* graphics_pratice.1 in CopyFiles */ = {isa = PBXBuildFile; fileRef = E61345E719C6EC3600B57A63 /* graphics_pratice.1 */; };
		E61345EF19C6EC5F00B57A63 /* OpenGL.framework in Frameworks */ = {isa = PBXBuildFile; fileRef = E61345EE19C6EC5F00B57A63 /* OpenGL.framework */; };
		E61345F119C6EC6300B57A63 /* GLUT.framework in Frameworks */ = {isa = PBXBuildFile; fileRef = E61345F019C6EC6300B57A63 /* GLUT.framework */; };
		E666172D19D0884900FC1F2B /* image_DXT.c in Sources */ = {isa = PBXBuildFile; fileRef = E666172C19D0884900FC1F2B /* image_DXT.c */; };
		E666172F19D0884B00FC1F2B /* image_helper.c in Sources */ = {isa = PBXBuildFile; fileRef = E666172E19D0884B00FC1F2B /* image_helper.c */; };
		E666173119D0885000FC1F2B /* SOIL.c in Sources */ = {isa = PBXBuildFile; fileRef = E666173019D0885000FC1F2B /* SOIL.c */; };
		E666173319D0885600FC1F2B /* stb_image_aug.c in Sources */ = {isa = PBXBuildFile; fileRef = E666173219D0885600FC1F2B /* stb_image_aug.c */; };
/* End PBXBuildFile section */

/* Begin PBXCopyFilesBuildPhase section */
		E61345E019C6EC3600B57A63 /* CopyFiles */ = {
			isa = PBXCopyFilesBuildPhase;
			buildActionMask = 2147483647;
			dstPath = /usr/share/man/man1;
			dstSubfolderSpec = 0;
			files = (
				E61345E819C6EC3600B57A63 /* graphics_pratice.1 in CopyFiles */,
			);
			runOnlyForDeploymentPostprocessing = 1;
		};
/* End PBXCopyFilesBuildPhase section */

/* Begin PBXFileReference section */
		E61345E219C6EC3600B57A63 /* graphics-pratice */ = {isa = PBXFileReference; explicitFileType = "compiled.mach-o.executable"; includeInIndex = 0; path = "graphics-pratice"; sourceTree = BUILT_PRODUCTS_DIR; };
		E61345E519C6EC3600B57A63 /* main.cpp */ = {isa = PBXFileReference; lastKnownFileType = sourcecode.cpp.cpp; path = main.cpp; sourceTree = "<group>"; };
		E61345E719C6EC3600B57A63 /* graphics_pratice.1 */ = {isa = PBXFileReference; lastKnownFileType = text.man; path = graphics_pratice.1; sourceTree = "<group>"; };
		E61345EE19C6EC5F00B57A63 /* OpenGL.framework */ = {isa = PBXFileReference; lastKnownFileType = wrapper.framework; name = OpenGL.framework; path = System/Library/Frameworks/OpenGL.framework; sourceTree = SDKROOT; };
		E61345F019C6EC6300B57A63 /* GLUT.framework */ = {isa = PBXFileReference; lastKnownFileType = wrapper.framework; name = GLUT.framework; path = System/Library/Frameworks/GLUT.framework; sourceTree = SDKROOT; };
		E666172C19D0884900FC1F2B /* image_DXT.c */ = {isa = PBXFileReference; lastKnownFileType = sourcecode.c.c; name = image_DXT.c; path = library/SOIL/src/image_DXT.c; sourceTree = "<group>"; };
		E666172E19D0884B00FC1F2B /* image_helper.c */ = {isa = PBXFileReference; lastKnownFileType = sourcecode.c.c; name = image_helper.c; path = library/SOIL/src/image_helper.c; sourceTree = "<group>"; };
		E666173019D0885000FC1F2B /* SOIL.c */ = {isa = PBXFileReference; lastKnownFileType = sourcecode.c.c; name = SOIL.c; path = library/SOIL/src/SOIL.c; sourceTree = "<group>"; };
		E666173219D0885600FC1F2B /* stb_image_aug.c */ = {isa = PBXFileReference; lastKnownFileType = sourcecode.c.c; name = stb_image_aug.c; path = library/SOIL/src/stb_image_aug.c; sourceTree = "<group>"; };
		E666173419D08A6200FC1F2B /* resources */ = {isa = PBXFileReference; lastKnownFileType = folder; path = resources; sourceTree = "<group>"; };
		E681790F19D0640C000ACCE1 /* library */ = {isa = PBXFileReference; lastKnownFileType = folder; path = library; sourceTree = "<group>"; };
/* End PBXFileReference section */

/* Begin PBXFrameworksBuildPhase section */
		E61345DF19C6EC3600B57A63 /* Frameworks */ = {
			isa = PBXFrameworksBuildPhase;
			buildActionMask = 2147483647;
			files = (
				E61345F119C6EC6300B57A63 /* GLUT.framework in Frameworks */,
				E61345EF19C6EC5F00B57A63 /* OpenGL.framework in Frameworks */,
			);
			runOnlyForDeploymentPostprocessing = 0;
		};
/* End PBXFrameworksBuildPhase section */

/* Begin PBXGroup section */
		E61345D919C6EC3600B57A63 = {
			isa = PBXGroup;
			children = (
				E666173419D08A6200FC1F2B /* resources */,
				E666173219D0885600FC1F2B /* stb_image_aug.c */,
				E666173019D0885000FC1F2B /* SOIL.c */,
				E666172E19D0884B00FC1F2B /* image_helper.c */,
				E666172C19D0884900FC1F2B /* image_DXT.c */,
				E61345F019C6EC6300B57A63 /* GLUT.framework */,
				E61345EE19C6EC5F00B57A63 /* OpenGL.framework */,
				E61345E419C6EC3600B57A63 /* graphics-pratice */,
				E61345E319C6EC3600B57A63 /* Products */,
				E681790F19D0640C000ACCE1 /* library */,
			);
			sourceTree = "<group>";
		};
		E61345E319C6EC3600B57A63 /* Products */ = {
			isa = PBXGroup;
			children = (
				E61345E219C6EC3600B57A63 /* graphics-pratice */,
			);
			name = Products;
			sourceTree = "<group>";
		};
		E61345E419C6EC3600B57A63 /* graphics-pratice */ = {
			isa = PBXGroup;
			children = (
				E61345E519C6EC3600B57A63 /* main.cpp */,
				E61345E719C6EC3600B57A63 /* graphics_pratice.1 */,
			);
			path = "graphics-pratice";
			sourceTree = "<group>";
		};
/* End PBXGroup section */

/* Begin PBXNativeTarget section */
		E61345E119C6EC3600B57A63 /* graphics-pratice */ = {
			isa = PBXNativeTarget;
			buildConfigurationList = E61345EB19C6EC3600B57A63 /* Build configuration list for PBXNativeTarget "graphics-pratice" */;
			buildPhases = (
				E61345DE19C6EC3600B57A63 /* Sources */,
				E61345DF19C6EC3600B57A63 /* Frameworks */,
				E61345E019C6EC3600B57A63 /* CopyFiles */,
			);
			buildRules = (
			);
			dependencies = (
			);
			name = "graphics-pratice";
			productName = "graphics-pratice";
			productReference = E61345E219C6EC3600B57A63 /* graphics-pratice */;
			productType = "com.apple.product-type.tool";
		};
/* End PBXNativeTarget section */

/* Begin PBXProject section */
		E61345DA19C6EC3600B57A63 /* Project object */ = {
			isa = PBXProject;
			attributes = {
				LastUpgradeCheck = 0510;
				ORGANIZATIONNAME = loki;
			};
			buildConfigurationList = E61345DD19C6EC3600B57A63 /* Build configuration list for PBXProject "graphics-pratice" */;
			compatibilityVersion = "Xcode 3.2";
			developmentRegion = English;
			hasScannedForEncodings = 0;
			knownRegions = (
				en,
			);
			mainGroup = E61345D919C6EC3600B57A63;
			productRefGroup = E61345E319C6EC3600B57A63 /* Products */;
			projectDirPath = "";
			projectRoot = "";
			targets = (
				E61345E119C6EC3600B57A63 /* graphics-pratice */,
			);
		};
/* End PBXProject section */

/* Begin PBXSourcesBuildPhase section */
		E61345DE19C6EC3600B57A63 /* Sources */ = {
			isa = PBXSourcesBuildPhase;
			buildActionMask = 2147483647;
			files = (
				E61345E619C6EC3600B57A63 /* main.cpp in Sources */,
				E666172D19D0884900FC1F2B /* image_DXT.c in Sources */,
				E666172F19D0884B00FC1F2B /* image_helper.c in Sources */,
				E666173119D0885000FC1F2B /* SOIL.c in Sources */,
				E666173319D0885600FC1F2B /* stb_image_aug.c in Sources */,
			);
			runOnlyForDeploymentPostprocessing = 0;
		};
/* End PBXSourcesBuildPhase section */

/* Begin XCBuildConfiguration section */
		E61345E919C6EC3600B57A63 /* Debug */ = {
			isa = XCBuildConfiguration;
			buildSettings = {
				ALWAYS_SEARCH_USER_PATHS = NO;
				CLANG_CXX_LANGUAGE_STANDARD = "gnu++0x";
				CLANG_CXX_LIBRARY = "libstdc++";
				CLANG_ENABLE_MODULES = YES;
				CLANG_ENABLE_OBJC_ARC = YES;
				CLANG_WARN_BOOL_CONVERSION = YES;
				CLANG_WARN_CONSTANT_CONVERSION = YES;
				CLANG_WARN_DIRECT_OBJC_ISA_USAGE = YES_ERROR;
				CLANG_WARN_EMPTY_BODY = YES;
				CLANG_WARN_ENUM_CONVERSION = YES;
				CLANG_WARN_INT_CONVERSION = YES;
				CLANG_WARN_OBJC_ROOT_CLASS = YES_ERROR;
				CLANG_WARN__DUPLICATE_METHOD_MATCH = YES;
				COPY_PHASE_STRIP = NO;
				GCC_C_LANGUAGE_STANDARD = gnu99;
				GCC_DYNAMIC_NO_PIC = NO;
				GCC_ENABLE_OBJC_EXCEPTIONS = YES;
				GCC_OPTIMIZATION_LEVEL = 0;
				GCC_PREPROCESSOR_DEFINITIONS = (
					"DEBUG=1",
					"$(inherited)",
				);
				GCC_SYMBOLS_PRIVATE_EXTERN = NO;
				GCC_WARN_64_TO_32_BIT_CONVERSION = YES;
				GCC_WARN_ABOUT_RETURN_TYPE = YES_ERROR;
				GCC_WARN_UNDECLARED_SELECTOR = YES;
				GCC_WARN_UNINITIALIZED_AUTOS = YES_AGGRESSIVE;
				GCC_WARN_UNUSED_FUNCTION = YES;
				GCC_WARN_UNUSED_VARIABLE = YES;
				HEADER_SEARCH_PATHS = (
					"$(inherited)",
					/Applications/Xcode.app/Contents/Developer/Toolchains/XcodeDefault.xctoolchain/usr/include,
					"\"$(SRCROOT)/library/SOIL/src\"",
				);
				MACOSX_DEPLOYMENT_TARGET = 10.8;
				ONLY_ACTIVE_ARCH = YES;
				SDKROOT = macosx;
			};
			name = Debug;
		};
		E61345EA19C6EC3600B57A63 /* Release */ = {
			isa = XCBuildConfiguration;
			buildSettings = {
				ALWAYS_SEARCH_USER_PATHS = NO;
				CLANG_CXX_LANGUAGE_STANDARD = "gnu++0x";
				CLANG_CXX_LIBRARY = "libstdc++";
				CLANG_ENABLE_MODULES = YES;
				CLANG_ENABLE_OBJC_ARC = YES;
				CLANG_WARN_BOOL_CONVERSION = YES;
				CLANG_WARN_CONSTANT_CONVERSION = YES;
				CLANG_WARN_DIRECT_OBJC_ISA_USAGE = YES_ERROR;
				CLANG_WARN_EMPTY_BODY = YES;
				CLANG_WARN_ENUM_CONVERSION = YES;
				CLANG_WARN_INT_CONVERSION = YES;
				CLANG_WARN_OBJC_ROOT_CLASS = YES_ERROR;
				CLANG_WARN__DUPLICATE_METHOD_MATCH = YES;
				COPY_PHASE_STRIP = YES;
				DEBUG_INFORMATION_FORMAT = "dwarf-with-dsym";
				ENABLE_NS_ASSERTIONS = NO;
				GCC_C_LANGUAGE_STANDARD = gnu99;
				GCC_ENABLE_OBJC_EXCEPTIONS = YES;
				GCC_WARN_64_TO_32_BIT_CONVERSION = YES;
				GCC_WARN_ABOUT_RETURN_TYPE = YES_ERROR;
				GCC_WARN_UNDECLARED_SELECTOR = YES;
				GCC_WARN_UNINITIALIZED_AUTOS = YES_AGGRESSIVE;
				GCC_WARN_UNUSED_FUNCTION = YES;
				GCC_WARN_UNUSED_VARIABLE = YES;
				HEADER_SEARCH_PATHS = (
					"$(inherited)",
					/Applications/Xcode.app/Contents/Developer/Toolchains/XcodeDefault.xctoolchain/usr/include,
					"\"$(SRCROOT)/library/SOIL/src\"",
				);
				MACOSX_DEPLOYMENT_TARGET = 10.8;
				SDKROOT = macosx;
			};
			name = Release;
		};
		E61345EC19C6EC3600B57A63 /* Debug */ = {
			isa = XCBuildConfiguration;
			buildSettings = {
				ARCHS = "$(ARCHS_STANDARD)";
				LIBRARY_SEARCH_PATHS = (
					"$(inherited)",
					"$(PROJECT_DIR)/library/SOIL/lib",
				);
				PRODUCT_NAME = "$(TARGET_NAME)";
			};
			name = Debug;
		};
		E61345ED19C6EC3600B57A63 /* Release */ = {
			isa = XCBuildConfiguration;
			buildSettings = {
				ARCHS = "$(ARCHS_STANDARD)";
				LIBRARY_SEARCH_PATHS = (
					"$(inherited)",
					"$(PROJECT_DIR)/library/SOIL/lib",
				);
				PRODUCT_NAME = "$(TARGET_NAME)";
			};
			name = Release;
		};
/* End XCBuildConfiguration section */

/* Begin XCConfigurationList section */
		E61345DD19C6EC3600B57A63 /* Build configuration list for PBXProject "graphics-pratice" */ = {
			isa = XCConfigurationList;
			buildConfigurations = (
				E61345E919C6EC3600B57A63 /* Debug */,
				E61345EA19C6EC3600B57A63 /* Release */,
			);
			defaultConfigurationIsVisible = 0;
			defaultConfigurationName = Release;
		};
		E61345EB19C6EC3600B57A63 /* Build configuration list for PBXNativeTarget "graphics-pratice" */ = {
			isa = XCConfigurationList;
			buildConfigurations = (
				E61345EC19C6EC3600B57A63 /* Debug */,
				E61345ED19C6EC3600B57A63 /* Release */,
			);
			defaultConfigurationIsVisible = 0;
			defaultConfigurationName = Release;
		};
/* End XCConfigurationList section */
	};
	rootObject = E61345DA19C6EC3600B57A63 /* Project object */;
}
