// !$*UTF8*$!
{
	archiveVersion = 1;
	classes = {
	};
	objectVersion = 46;
	objects = {

/* Begin PBXBuildFile section */
		E60FDAEB1A07592600F0A1AC /* SceneTutorial21.cpp in Sources */ = {isa = PBXBuildFile; fileRef = E60FDAEA1A07592600F0A1AC /* SceneTutorial21.cpp */; };
		E60FDAED1A07592D00F0A1AC /* SceneTutorial22.cpp in Sources */ = {isa = PBXBuildFile; fileRef = E60FDAEC1A07592D00F0A1AC /* SceneTutorial22.cpp */; };
		E6109D631A1BC1D5000551D0 /* ModelObj.cpp in Sources */ = {isa = PBXBuildFile; fileRef = E6109D621A1BC1D5000551D0 /* ModelObj.cpp */; };
		E61345EF19C6EC5F00B57A63 /* OpenGL.framework in Frameworks */ = {isa = PBXBuildFile; fileRef = E61345EE19C6EC5F00B57A63 /* OpenGL.framework */; };
		E61345F119C6EC6300B57A63 /* GLUT.framework in Frameworks */ = {isa = PBXBuildFile; fileRef = E61345F019C6EC6300B57A63 /* GLUT.framework */; };
		E613C2EA1A1A4ADB00648095 /* SceneTutorial34.cpp in Sources */ = {isa = PBXBuildFile; fileRef = E613C2E91A1A4ADB00648095 /* SceneTutorial34.cpp */; };
		E627BCB01A23745500DBCF26 /* MyLight.cpp in Sources */ = {isa = PBXBuildFile; fileRef = E627BCAE1A23745500DBCF26 /* MyLight.cpp */; };
		E638DF3519FF6AD500FF3C66 /* SceneTutorial23.cpp in Sources */ = {isa = PBXBuildFile; fileRef = E638DF3419FF6AD500FF3C66 /* SceneTutorial23.cpp */; };
		E638DF3B1A00E69900FF3C66 /* Color4f.cpp in Sources */ = {isa = PBXBuildFile; fileRef = E638DF3619FF6BC500FF3C66 /* Color4f.cpp */; };
		E638DF3C1A00E69900FF3C66 /* SceneTutorial24.cpp in Sources */ = {isa = PBXBuildFile; fileRef = E638DF391A00E66200FF3C66 /* SceneTutorial24.cpp */; };
		E6392ECD1A0CDDF300C6DA45 /* SceneTutorial26.cpp in Sources */ = {isa = PBXBuildFile; fileRef = E6392ECB1A0CDDF300C6DA45 /* SceneTutorial26.cpp */; };
		E6392ED01A0CEA4200C6DA45 /* SceneTutorial27.cpp in Sources */ = {isa = PBXBuildFile; fileRef = E6392ECE1A0CEA4200C6DA45 /* SceneTutorial27.cpp */; };
		E6392ED31A0CF91200C6DA45 /* SceneTutorial28.cpp in Sources */ = {isa = PBXBuildFile; fileRef = E6392ED11A0CF91200C6DA45 /* SceneTutorial28.cpp */; };
		E64D25591A07956500E0E96D /* SceneTutorial25.cpp in Sources */ = {isa = PBXBuildFile; fileRef = E64D25581A07956500E0E96D /* SceneTutorial25.cpp */; };
		E64D255C1A08705700E0E96D /* SceneTutorial29.cpp in Sources */ = {isa = PBXBuildFile; fileRef = E64D255A1A08705700E0E96D /* SceneTutorial29.cpp */; };
		E680426619EA475B00DD2896 /* Game.cpp in Sources */ = {isa = PBXBuildFile; fileRef = E6F4E05219D9952200565658 /* Game.cpp */; };
		E680427419EA496A00DD2896 /* Action.cpp in Sources */ = {isa = PBXBuildFile; fileRef = E680426B19EA496A00DD2896 /* Action.cpp */; };
		E680427519EA496A00DD2896 /* ActionManager.cpp in Sources */ = {isa = PBXBuildFile; fileRef = E680426C19EA496A00DD2896 /* ActionManager.cpp */; };
		E680427619EA496A00DD2896 /* Cube.cpp in Sources */ = {isa = PBXBuildFile; fileRef = E680426D19EA496A00DD2896 /* Cube.cpp */; };
		E680427719EA496A00DD2896 /* MoveBy.cpp in Sources */ = {isa = PBXBuildFile; fileRef = E680426E19EA496A00DD2896 /* MoveBy.cpp */; };
		E680427819EA496A00DD2896 /* MyImage.cpp in Sources */ = {isa = PBXBuildFile; fileRef = E680426F19EA496A00DD2896 /* MyImage.cpp */; };
		E680427919EA496A00DD2896 /* Node.cpp in Sources */ = {isa = PBXBuildFile; fileRef = E680427019EA496A00DD2896 /* Node.cpp */; };
		E680427A19EA496A00DD2896 /* Scene.cpp in Sources */ = {isa = PBXBuildFile; fileRef = E680427119EA496A00DD2896 /* Scene.cpp */; };
		E680427B19EA496A00DD2896 /* SceneManager.cpp in Sources */ = {isa = PBXBuildFile; fileRef = E680427219EA496A00DD2896 /* SceneManager.cpp */; };
		E680427C19EA496A00DD2896 /* Sprite.cpp in Sources */ = {isa = PBXBuildFile; fileRef = E680427319EA496A00DD2896 /* Sprite.cpp */; };
		E680428219EA498000DD2896 /* Matrix2.cpp in Sources */ = {isa = PBXBuildFile; fileRef = E680427D19EA498000DD2896 /* Matrix2.cpp */; };
		E680428319EA498000DD2896 /* Matrix3.cpp in Sources */ = {isa = PBXBuildFile; fileRef = E680427E19EA498000DD2896 /* Matrix3.cpp */; };
		E680428419EA498000DD2896 /* Matrix4.cpp in Sources */ = {isa = PBXBuildFile; fileRef = E680427F19EA498000DD2896 /* Matrix4.cpp */; };
		E680428519EA498000DD2896 /* Vector2.cpp in Sources */ = {isa = PBXBuildFile; fileRef = E680428019EA498000DD2896 /* Vector2.cpp */; };
		E680428619EA498000DD2896 /* Vector3.cpp in Sources */ = {isa = PBXBuildFile; fileRef = E680428119EA498000DD2896 /* Vector3.cpp */; };
		E680428F19EA499500DD2896 /* SceneTutorial9.cpp in Sources */ = {isa = PBXBuildFile; fileRef = E680428919EA499500DD2896 /* SceneTutorial9.cpp */; };
		E680429019EA499500DD2896 /* SceneTutorial10.cpp in Sources */ = {isa = PBXBuildFile; fileRef = E680428A19EA499500DD2896 /* SceneTutorial10.cpp */; };
		E680429119EA499500DD2896 /* SceneTutorial11.cpp in Sources */ = {isa = PBXBuildFile; fileRef = E680428B19EA499500DD2896 /* SceneTutorial11.cpp */; };
		E680429219EA499500DD2896 /* SceneTutorial12.cpp in Sources */ = {isa = PBXBuildFile; fileRef = E680428C19EA499500DD2896 /* SceneTutorial12.cpp */; };
		E680429519EA49A300DD2896 /* Keyboard.cpp in Sources */ = {isa = PBXBuildFile; fileRef = E680429319EA49A300DD2896 /* Keyboard.cpp */; };
		E680429619EA49A300DD2896 /* Macro.cpp in Sources */ = {isa = PBXBuildFile; fileRef = E680429419EA49A300DD2896 /* Macro.cpp */; };
		E680429B19EA49BA00DD2896 /* image_DXT.c in Sources */ = {isa = PBXBuildFile; fileRef = E680429719EA49BA00DD2896 /* image_DXT.c */; };
		E680429C19EA49BA00DD2896 /* image_helper.c in Sources */ = {isa = PBXBuildFile; fileRef = E680429819EA49BA00DD2896 /* image_helper.c */; };
		E680429D19EA49BA00DD2896 /* SOIL.c in Sources */ = {isa = PBXBuildFile; fileRef = E680429919EA49BA00DD2896 /* SOIL.c */; };
		E680429E19EA49BA00DD2896 /* stb_image_aug.c in Sources */ = {isa = PBXBuildFile; fileRef = E680429A19EA49BA00DD2896 /* stb_image_aug.c */; };
		E68042A219EA7D0900DD2896 /* SceneTutorial13.cpp in Sources */ = {isa = PBXBuildFile; fileRef = E68042A119EA7D0900DD2896 /* SceneTutorial13.cpp */; };
		E69A19991A24853800C6FD0B /* SceneTutorial37.cpp in Sources */ = {isa = PBXBuildFile; fileRef = E69A19981A24853800C6FD0B /* SceneTutorial37.cpp */; };
		E69F2A2F1A1AEF8600ABD1C5 /* SceneTutorial36.cpp in Sources */ = {isa = PBXBuildFile; fileRef = E69F2A2E1A1AEF8600ABD1C5 /* SceneTutorial36.cpp */; };
		E6BFDE9E1A1A0385008F84D4 /* SceneTermProject.cpp in Sources */ = {isa = PBXBuildFile; fileRef = E6BFDE9D1A1A0385008F84D4 /* SceneTermProject.cpp */; };
		E6BFDEA01A1A038A008F84D4 /* Treasure.cpp in Sources */ = {isa = PBXBuildFile; fileRef = E6BFDE9F1A1A038A008F84D4 /* Treasure.cpp */; };
		E6C050931A0D03C4003497F2 /* SceneTutorial31.cpp in Sources */ = {isa = PBXBuildFile; fileRef = E6C050911A0D03C4003497F2 /* SceneTutorial31.cpp */; };
		E6C050961A0D2F73003497F2 /* Model.cpp in Sources */ = {isa = PBXBuildFile; fileRef = E6C050941A0D2F73003497F2 /* Model.cpp */; };
		E6C050991A0D31E7003497F2 /* ModelMilkshape3D.cpp in Sources */ = {isa = PBXBuildFile; fileRef = E6C050971A0D31E7003497F2 /* ModelMilkshape3D.cpp */; };
		E6C2B2E019EBE40000CCFA07 /* SceneTutorial16.cpp in Sources */ = {isa = PBXBuildFile; fileRef = E6C2B2DE19EBE40000CCFA07 /* SceneTutorial16.cpp */; };
		E6C2B2E319ECCD3900CCFA07 /* SceneTutorial19.cpp in Sources */ = {isa = PBXBuildFile; fileRef = E6C2B2E119ECCD3900CCFA07 /* SceneTutorial19.cpp */; };
		E6C2B2E619ED529700CCFA07 /* SceneTutorial18.cpp in Sources */ = {isa = PBXBuildFile; fileRef = E6C2B2E419ED529700CCFA07 /* SceneTutorial18.cpp */; };
		E6D819A019D1D3DB0073359B /* main.cpp in Sources */ = {isa = PBXBuildFile; fileRef = E6D8199D19D1D3C30073359B /* main.cpp */; };
		E6F68A2319ED42B600C21A97 /* SceneTutorial20.cpp in Sources */ = {isa = PBXBuildFile; fileRef = E6F68A2119ED42B600C21A97 /* SceneTutorial20.cpp */; };
		E6FAB13C19EC186400D9BD81 /* SceneTutorial14.cpp in Sources */ = {isa = PBXBuildFile; fileRef = E6FAB13B19EC186400D9BD81 /* SceneTutorial14.cpp */; };
/* End PBXBuildFile section */

/* Begin PBXCopyFilesBuildPhase section */
		E61345E019C6EC3600B57A63 /* Copy Files */ = {
			isa = PBXCopyFilesBuildPhase;
			buildActionMask = 2147483647;
			dstPath = /usr/share/man/man1;
			dstSubfolderSpec = 0;
			files = (
			);
			name = "Copy Files";
			runOnlyForDeploymentPostprocessing = 1;
		};
/* End PBXCopyFilesBuildPhase section */

/* Begin PBXFileReference section */
		E60FDAEA1A07592600F0A1AC /* SceneTutorial21.cpp */ = {isa = PBXFileReference; lastKnownFileType = sourcecode.cpp.cpp; name = SceneTutorial21.cpp; path = "graphics-practice/Scenes/SceneTutorial21.cpp"; sourceTree = "<group>"; };
		E60FDAEC1A07592D00F0A1AC /* SceneTutorial22.cpp */ = {isa = PBXFileReference; lastKnownFileType = sourcecode.cpp.cpp; name = SceneTutorial22.cpp; path = "graphics-practice/Scenes/SceneTutorial22.cpp"; sourceTree = "<group>"; };
		E6109D621A1BC1D5000551D0 /* ModelObj.cpp */ = {isa = PBXFileReference; fileEncoding = 4; lastKnownFileType = sourcecode.cpp.cpp; name = ModelObj.cpp; path = "graphics-practice/Base/ModelObj.cpp"; sourceTree = "<group>"; };
		E61345E219C6EC3600B57A63 /* graphics-practice */ = {isa = PBXFileReference; explicitFileType = "compiled.mach-o.executable"; includeInIndex = 0; path = "graphics-practice"; sourceTree = BUILT_PRODUCTS_DIR; };
		E61345EE19C6EC5F00B57A63 /* OpenGL.framework */ = {isa = PBXFileReference; lastKnownFileType = wrapper.framework; name = OpenGL.framework; path = System/Library/Frameworks/OpenGL.framework; sourceTree = SDKROOT; };
		E61345F019C6EC6300B57A63 /* GLUT.framework */ = {isa = PBXFileReference; lastKnownFileType = wrapper.framework; name = GLUT.framework; path = System/Library/Frameworks/GLUT.framework; sourceTree = SDKROOT; };
		E613C2E91A1A4ADB00648095 /* SceneTutorial34.cpp */ = {isa = PBXFileReference; lastKnownFileType = sourcecode.cpp.cpp; name = SceneTutorial34.cpp; path = "graphics-practice/Scenes/SceneTutorial34.cpp"; sourceTree = "<group>"; };
		E627BCAE1A23745500DBCF26 /* MyLight.cpp */ = {isa = PBXFileReference; fileEncoding = 4; lastKnownFileType = sourcecode.cpp.cpp; name = MyLight.cpp; path = "graphics-practice/Scenes/TermProject/MyLight.cpp"; sourceTree = "<group>"; };
		E627BCAF1A23745500DBCF26 /* MyLight.h */ = {isa = PBXFileReference; fileEncoding = 4; lastKnownFileType = sourcecode.c.h; name = MyLight.h; path = "graphics-practice/Scenes/TermProject/MyLight.h"; sourceTree = "<group>"; };
		E6342C3E19D983D000B354BC /* Prefix.h */ = {isa = PBXFileReference; lastKnownFileType = sourcecode.c.h; path = Prefix.h; sourceTree = "<group>"; };
		E638DF3419FF6AD500FF3C66 /* SceneTutorial23.cpp */ = {isa = PBXFileReference; lastKnownFileType = sourcecode.cpp.cpp; name = SceneTutorial23.cpp; path = "graphics-practice/Scenes/SceneTutorial23.cpp"; sourceTree = "<group>"; };
		E638DF3619FF6BC500FF3C66 /* Color4f.cpp */ = {isa = PBXFileReference; fileEncoding = 4; lastKnownFileType = sourcecode.cpp.cpp; name = Color4f.cpp; path = "graphics-practice/Base/Color4f.cpp"; sourceTree = "<group>"; };
		E638DF3719FF6BC500FF3C66 /* Color4f.h */ = {isa = PBXFileReference; fileEncoding = 4; lastKnownFileType = sourcecode.c.h; name = Color4f.h; path = "graphics-practice/Base/Color4f.h"; sourceTree = "<group>"; };
		E638DF391A00E66200FF3C66 /* SceneTutorial24.cpp */ = {isa = PBXFileReference; lastKnownFileType = sourcecode.cpp.cpp; name = SceneTutorial24.cpp; path = "graphics-practice/Scenes/SceneTutorial24.cpp"; sourceTree = "<group>"; };
		E6392ECB1A0CDDF300C6DA45 /* SceneTutorial26.cpp */ = {isa = PBXFileReference; fileEncoding = 4; lastKnownFileType = sourcecode.cpp.cpp; name = SceneTutorial26.cpp; path = "graphics-practice/Scenes/SceneTutorial26.cpp"; sourceTree = "<group>"; };
		E6392ECC1A0CDDF300C6DA45 /* SceneTutorial26.h */ = {isa = PBXFileReference; fileEncoding = 4; lastKnownFileType = sourcecode.c.h; name = SceneTutorial26.h; path = "graphics-practice/Scenes/SceneTutorial26.h"; sourceTree = "<group>"; };
		E6392ECE1A0CEA4200C6DA45 /* SceneTutorial27.cpp */ = {isa = PBXFileReference; fileEncoding = 4; lastKnownFileType = sourcecode.cpp.cpp; name = SceneTutorial27.cpp; path = "graphics-practice/Scenes/SceneTutorial27.cpp"; sourceTree = "<group>"; };
		E6392ECF1A0CEA4200C6DA45 /* SceneTutorial27.h */ = {isa = PBXFileReference; fileEncoding = 4; lastKnownFileType = sourcecode.c.h; name = SceneTutorial27.h; path = "graphics-practice/Scenes/SceneTutorial27.h"; sourceTree = "<group>"; };
		E6392ED11A0CF91200C6DA45 /* SceneTutorial28.cpp */ = {isa = PBXFileReference; fileEncoding = 4; lastKnownFileType = sourcecode.cpp.cpp; name = SceneTutorial28.cpp; path = "graphics-practice/Scenes/SceneTutorial28.cpp"; sourceTree = "<group>"; };
		E6392ED21A0CF91200C6DA45 /* SceneTutorial28.h */ = {isa = PBXFileReference; fileEncoding = 4; lastKnownFileType = sourcecode.c.h; name = SceneTutorial28.h; path = "graphics-practice/Scenes/SceneTutorial28.h"; sourceTree = "<group>"; };
		E64D25581A07956500E0E96D /* SceneTutorial25.cpp */ = {isa = PBXFileReference; lastKnownFileType = sourcecode.cpp.cpp; name = SceneTutorial25.cpp; path = "graphics-practice/Scenes/SceneTutorial25.cpp"; sourceTree = "<group>"; };
		E64D255A1A08705700E0E96D /* SceneTutorial29.cpp */ = {isa = PBXFileReference; fileEncoding = 4; lastKnownFileType = sourcecode.cpp.cpp; name = SceneTutorial29.cpp; path = "graphics-practice/Scenes/SceneTutorial29.cpp"; sourceTree = "<group>"; };
		E64D255B1A08705700E0E96D /* SceneTutorial29.h */ = {isa = PBXFileReference; fileEncoding = 4; lastKnownFileType = sourcecode.c.h; name = SceneTutorial29.h; path = "graphics-practice/Scenes/SceneTutorial29.h"; sourceTree = "<group>"; };
		E663370919EA3A7400510940 /* Scenes */ = {isa = PBXFileReference; lastKnownFileType = folder; path = Scenes; sourceTree = "<group>"; };
		E663370A19EA3A7400510940 /* Util */ = {isa = PBXFileReference; lastKnownFileType = folder; path = Util; sourceTree = "<group>"; };
		E663370D19EA3A7400510940 /* Math */ = {isa = PBXFileReference; lastKnownFileType = folder; path = Math; sourceTree = "<group>"; };
		E663370E19EA3F0C00510940 /* Base */ = {isa = PBXFileReference; lastKnownFileType = folder; path = Base; sourceTree = "<group>"; };
		E666173419D08A6200FC1F2B /* resources */ = {isa = PBXFileReference; lastKnownFileType = folder; path = resources; sourceTree = "<group>"; };
		E680426B19EA496A00DD2896 /* Action.cpp */ = {isa = PBXFileReference; lastKnownFileType = sourcecode.cpp.cpp; name = Action.cpp; path = "graphics-practice/Base/Action.cpp"; sourceTree = "<group>"; };
		E680426C19EA496A00DD2896 /* ActionManager.cpp */ = {isa = PBXFileReference; lastKnownFileType = sourcecode.cpp.cpp; name = ActionManager.cpp; path = "graphics-practice/Base/ActionManager.cpp"; sourceTree = "<group>"; };
		E680426D19EA496A00DD2896 /* Cube.cpp */ = {isa = PBXFileReference; lastKnownFileType = sourcecode.cpp.cpp; name = Cube.cpp; path = "graphics-practice/Base/Cube.cpp"; sourceTree = "<group>"; };
		E680426E19EA496A00DD2896 /* MoveBy.cpp */ = {isa = PBXFileReference; lastKnownFileType = sourcecode.cpp.cpp; name = MoveBy.cpp; path = "graphics-practice/Base/MoveBy.cpp"; sourceTree = "<group>"; };
		E680426F19EA496A00DD2896 /* MyImage.cpp */ = {isa = PBXFileReference; lastKnownFileType = sourcecode.cpp.cpp; name = MyImage.cpp; path = "graphics-practice/Base/MyImage.cpp"; sourceTree = "<group>"; };
		E680427019EA496A00DD2896 /* Node.cpp */ = {isa = PBXFileReference; lastKnownFileType = sourcecode.cpp.cpp; name = Node.cpp; path = "graphics-practice/Base/Node.cpp"; sourceTree = "<group>"; };
		E680427119EA496A00DD2896 /* Scene.cpp */ = {isa = PBXFileReference; lastKnownFileType = sourcecode.cpp.cpp; name = Scene.cpp; path = "graphics-practice/Base/Scene.cpp"; sourceTree = "<group>"; };
		E680427219EA496A00DD2896 /* SceneManager.cpp */ = {isa = PBXFileReference; lastKnownFileType = sourcecode.cpp.cpp; name = SceneManager.cpp; path = "graphics-practice/Base/SceneManager.cpp"; sourceTree = "<group>"; };
		E680427319EA496A00DD2896 /* Sprite.cpp */ = {isa = PBXFileReference; lastKnownFileType = sourcecode.cpp.cpp; name = Sprite.cpp; path = "graphics-practice/Base/Sprite.cpp"; sourceTree = "<group>"; };
		E680427D19EA498000DD2896 /* Matrix2.cpp */ = {isa = PBXFileReference; lastKnownFileType = sourcecode.cpp.cpp; name = Matrix2.cpp; path = "graphics-practice/Math/Matrix2.cpp"; sourceTree = "<group>"; };
		E680427E19EA498000DD2896 /* Matrix3.cpp */ = {isa = PBXFileReference; lastKnownFileType = sourcecode.cpp.cpp; name = Matrix3.cpp; path = "graphics-practice/Math/Matrix3.cpp"; sourceTree = "<group>"; };
		E680427F19EA498000DD2896 /* Matrix4.cpp */ = {isa = PBXFileReference; lastKnownFileType = sourcecode.cpp.cpp; name = Matrix4.cpp; path = "graphics-practice/Math/Matrix4.cpp"; sourceTree = "<group>"; };
		E680428019EA498000DD2896 /* Vector2.cpp */ = {isa = PBXFileReference; lastKnownFileType = sourcecode.cpp.cpp; name = Vector2.cpp; path = "graphics-practice/Math/Vector2.cpp"; sourceTree = "<group>"; };
		E680428119EA498000DD2896 /* Vector3.cpp */ = {isa = PBXFileReference; lastKnownFileType = sourcecode.cpp.cpp; name = Vector3.cpp; path = "graphics-practice/Math/Vector3.cpp"; sourceTree = "<group>"; };
		E680428919EA499500DD2896 /* SceneTutorial9.cpp */ = {isa = PBXFileReference; lastKnownFileType = sourcecode.cpp.cpp; name = SceneTutorial9.cpp; path = "graphics-practice/Scenes/SceneTutorial9.cpp"; sourceTree = "<group>"; };
		E680428A19EA499500DD2896 /* SceneTutorial10.cpp */ = {isa = PBXFileReference; lastKnownFileType = sourcecode.cpp.cpp; name = SceneTutorial10.cpp; path = "graphics-practice/Scenes/SceneTutorial10.cpp"; sourceTree = "<group>"; };
		E680428B19EA499500DD2896 /* SceneTutorial11.cpp */ = {isa = PBXFileReference; lastKnownFileType = sourcecode.cpp.cpp; name = SceneTutorial11.cpp; path = "graphics-practice/Scenes/SceneTutorial11.cpp"; sourceTree = "<group>"; };
		E680428C19EA499500DD2896 /* SceneTutorial12.cpp */ = {isa = PBXFileReference; lastKnownFileType = sourcecode.cpp.cpp; name = SceneTutorial12.cpp; path = "graphics-practice/Scenes/SceneTutorial12.cpp"; sourceTree = "<group>"; };
		E680429319EA49A300DD2896 /* Keyboard.cpp */ = {isa = PBXFileReference; lastKnownFileType = sourcecode.cpp.cpp; name = Keyboard.cpp; path = "graphics-practice/Util/Keyboard.cpp"; sourceTree = "<group>"; };
		E680429419EA49A300DD2896 /* Macro.cpp */ = {isa = PBXFileReference; lastKnownFileType = sourcecode.cpp.cpp; name = Macro.cpp; path = "graphics-practice/Util/Macro.cpp"; sourceTree = "<group>"; };
		E680429719EA49BA00DD2896 /* image_DXT.c */ = {isa = PBXFileReference; lastKnownFileType = sourcecode.c.c; name = image_DXT.c; path = library/SOIL/src/image_DXT.c; sourceTree = "<group>"; };
		E680429819EA49BA00DD2896 /* image_helper.c */ = {isa = PBXFileReference; lastKnownFileType = sourcecode.c.c; name = image_helper.c; path = library/SOIL/src/image_helper.c; sourceTree = "<group>"; };
		E680429919EA49BA00DD2896 /* SOIL.c */ = {isa = PBXFileReference; lastKnownFileType = sourcecode.c.c; name = SOIL.c; path = library/SOIL/src/SOIL.c; sourceTree = "<group>"; };
		E680429A19EA49BA00DD2896 /* stb_image_aug.c */ = {isa = PBXFileReference; lastKnownFileType = sourcecode.c.c; name = stb_image_aug.c; path = library/SOIL/src/stb_image_aug.c; sourceTree = "<group>"; };
		E68042A119EA7D0900DD2896 /* SceneTutorial13.cpp */ = {isa = PBXFileReference; lastKnownFileType = sourcecode.cpp.cpp; name = SceneTutorial13.cpp; path = "graphics-practice/Scenes/SceneTutorial13.cpp"; sourceTree = "<group>"; };
		E681790F19D0640C000ACCE1 /* library */ = {isa = PBXFileReference; lastKnownFileType = folder; path = library; sourceTree = "<group>"; };
		E69A19981A24853800C6FD0B /* SceneTutorial37.cpp */ = {isa = PBXFileReference; fileEncoding = 4; lastKnownFileType = sourcecode.cpp.cpp; name = SceneTutorial37.cpp; path = "graphics-practice/Scenes/SceneTutorial37.cpp"; sourceTree = "<group>"; };
		E69F2A2E1A1AEF8600ABD1C5 /* SceneTutorial36.cpp */ = {isa = PBXFileReference; lastKnownFileType = sourcecode.cpp.cpp; name = SceneTutorial36.cpp; path = "graphics-practice/Scenes/SceneTutorial36.cpp"; sourceTree = "<group>"; };
		E6BFDE9D1A1A0385008F84D4 /* SceneTermProject.cpp */ = {isa = PBXFileReference; lastKnownFileType = sourcecode.cpp.cpp; name = SceneTermProject.cpp; path = "graphics-practice/Scenes/TermProject/SceneTermProject.cpp"; sourceTree = "<group>"; };
		E6BFDE9F1A1A038A008F84D4 /* Treasure.cpp */ = {isa = PBXFileReference; lastKnownFileType = sourcecode.cpp.cpp; name = Treasure.cpp; path = "graphics-practice/Scenes/TermProject/Treasure.cpp"; sourceTree = "<group>"; };
		E6C050911A0D03C4003497F2 /* SceneTutorial31.cpp */ = {isa = PBXFileReference; fileEncoding = 4; lastKnownFileType = sourcecode.cpp.cpp; name = SceneTutorial31.cpp; path = "graphics-practice/Scenes/SceneTutorial31.cpp"; sourceTree = "<group>"; };
		E6C050921A0D03C4003497F2 /* SceneTutorial31.h */ = {isa = PBXFileReference; fileEncoding = 4; lastKnownFileType = sourcecode.c.h; name = SceneTutorial31.h; path = "graphics-practice/Scenes/SceneTutorial31.h"; sourceTree = "<group>"; };
		E6C050941A0D2F73003497F2 /* Model.cpp */ = {isa = PBXFileReference; fileEncoding = 4; lastKnownFileType = sourcecode.cpp.cpp; name = Model.cpp; path = "graphics-practice/Base/Model.cpp"; sourceTree = "<group>"; };
		E6C050951A0D2F73003497F2 /* Model.h */ = {isa = PBXFileReference; fileEncoding = 4; lastKnownFileType = sourcecode.c.h; name = Model.h; path = "graphics-practice/Base/Model.h"; sourceTree = "<group>"; };
		E6C050971A0D31E7003497F2 /* ModelMilkshape3D.cpp */ = {isa = PBXFileReference; fileEncoding = 4; lastKnownFileType = sourcecode.cpp.cpp; name = ModelMilkshape3D.cpp; path = "graphics-practice/Base/ModelMilkshape3D.cpp"; sourceTree = "<group>"; };
		E6C050981A0D31E7003497F2 /* ModelMilkshape3D.h */ = {isa = PBXFileReference; fileEncoding = 4; lastKnownFileType = sourcecode.c.h; name = ModelMilkshape3D.h; path = "graphics-practice/Base/ModelMilkshape3D.h"; sourceTree = "<group>"; };
		E6C0509A1A0D3931003497F2 /* GL.h */ = {isa = PBXFileReference; lastKnownFileType = sourcecode.c.h; path = GL.h; sourceTree = "<group>"; };
		E6C2B2DE19EBE40000CCFA07 /* SceneTutorial16.cpp */ = {isa = PBXFileReference; fileEncoding = 4; lastKnownFileType = sourcecode.cpp.cpp; name = SceneTutorial16.cpp; path = "graphics-practice/Scenes/SceneTutorial16.cpp"; sourceTree = "<group>"; };
		E6C2B2DF19EBE40000CCFA07 /* SceneTutorial16.h */ = {isa = PBXFileReference; fileEncoding = 4; lastKnownFileType = sourcecode.c.h; name = SceneTutorial16.h; path = "graphics-practice/Scenes/SceneTutorial16.h"; sourceTree = "<group>"; };
		E6C2B2E119ECCD3900CCFA07 /* SceneTutorial19.cpp */ = {isa = PBXFileReference; fileEncoding = 4; lastKnownFileType = sourcecode.cpp.cpp; name = SceneTutorial19.cpp; path = "graphics-practice/Scenes/SceneTutorial19.cpp"; sourceTree = "<group>"; };
		E6C2B2E219ECCD3900CCFA07 /* SceneTutorial19.h */ = {isa = PBXFileReference; fileEncoding = 4; lastKnownFileType = sourcecode.c.h; name = SceneTutorial19.h; path = "graphics-practice/Scenes/SceneTutorial19.h"; sourceTree = "<group>"; };
		E6C2B2E419ED529700CCFA07 /* SceneTutorial18.cpp */ = {isa = PBXFileReference; fileEncoding = 4; lastKnownFileType = sourcecode.cpp.cpp; name = SceneTutorial18.cpp; path = "graphics-practice/Scenes/SceneTutorial18.cpp"; sourceTree = "<group>"; };
		E6C2B2E519ED529700CCFA07 /* SceneTutorial18.h */ = {isa = PBXFileReference; fileEncoding = 4; lastKnownFileType = sourcecode.c.h; name = SceneTutorial18.h; path = "graphics-practice/Scenes/SceneTutorial18.h"; sourceTree = "<group>"; };
		E6D8199C19D1D3C30073359B /* graphics_pratice.1 */ = {isa = PBXFileReference; lastKnownFileType = text.man; path = graphics_pratice.1; sourceTree = "<group>"; };
		E6D8199D19D1D3C30073359B /* main.cpp */ = {isa = PBXFileReference; lastKnownFileType = sourcecode.cpp.cpp; path = main.cpp; sourceTree = "<group>"; };
		E6F4E05219D9952200565658 /* Game.cpp */ = {isa = PBXFileReference; fileEncoding = 4; lastKnownFileType = sourcecode.cpp.cpp; path = Game.cpp; sourceTree = "<group>"; };
		E6F4E05319D9952200565658 /* Game.h */ = {isa = PBXFileReference; fileEncoding = 4; lastKnownFileType = sourcecode.c.h; path = Game.h; sourceTree = "<group>"; };
		E6F68A2119ED42B600C21A97 /* SceneTutorial20.cpp */ = {isa = PBXFileReference; fileEncoding = 4; lastKnownFileType = sourcecode.cpp.cpp; name = SceneTutorial20.cpp; path = "graphics-practice/Scenes/SceneTutorial20.cpp"; sourceTree = "<group>"; };
		E6F68A2219ED42B600C21A97 /* SceneTutorial20.h */ = {isa = PBXFileReference; fileEncoding = 4; lastKnownFileType = sourcecode.c.h; name = SceneTutorial20.h; path = "graphics-practice/Scenes/SceneTutorial20.h"; sourceTree = "<group>"; };
		E6FAB13B19EC186400D9BD81 /* SceneTutorial14.cpp */ = {isa = PBXFileReference; lastKnownFileType = sourcecode.cpp.cpp; name = SceneTutorial14.cpp; path = "graphics-practice/Scenes/SceneTutorial14.cpp"; sourceTree = "<group>"; };
/* End PBXFileReference section */

/* Begin PBXFrameworksBuildPhase section */
		E61345DF19C6EC3600B57A63 /* Frameworks */ = {
			isa = PBXFrameworksBuildPhase;
			buildActionMask = 2147483647;
			files = (
				E61345F119C6EC6300B57A63 /* GLUT.framework in Frameworks */,
				E61345EF19C6EC5F00B57A63 /* OpenGL.framework in Frameworks */,
			);
			runOnlyForDeploymentPostprocessing = 0;
		};
/* End PBXFrameworksBuildPhase section */

/* Begin PBXGroup section */
		E61345D919C6EC3600B57A63 = {
			isa = PBXGroup;
			children = (
				E68042A019EA4B1100DD2896 /* compile-sources */,
				E666173419D08A6200FC1F2B /* resources */,
				E6D8199B19D1D3C30073359B /* graphics-practice */,
				E61345F019C6EC6300B57A63 /* GLUT.framework */,
				E61345EE19C6EC5F00B57A63 /* OpenGL.framework */,
				E61345E319C6EC3600B57A63 /* Products */,
				E681790F19D0640C000ACCE1 /* library */,
			);
			sourceTree = "<group>";
		};
		E61345E319C6EC3600B57A63 /* Products */ = {
			isa = PBXGroup;
			children = (
				E61345E219C6EC3600B57A63 /* graphics-practice */,
			);
			name = Products;
			sourceTree = "<group>";
		};
		E68042A019EA4B1100DD2896 /* compile-sources */ = {
			isa = PBXGroup;
			children = (
				E680426B19EA496A00DD2896 /* Action.cpp */,
				E680426C19EA496A00DD2896 /* ActionManager.cpp */,
				E638DF3619FF6BC500FF3C66 /* Color4f.cpp */,
				E638DF3719FF6BC500FF3C66 /* Color4f.h */,
				E680426D19EA496A00DD2896 /* Cube.cpp */,
				E680429719EA49BA00DD2896 /* image_DXT.c */,
				E680429819EA49BA00DD2896 /* image_helper.c */,
				E680429319EA49A300DD2896 /* Keyboard.cpp */,
				E680429419EA49A300DD2896 /* Macro.cpp */,
				E680427D19EA498000DD2896 /* Matrix2.cpp */,
				E680427E19EA498000DD2896 /* Matrix3.cpp */,
				E680427F19EA498000DD2896 /* Matrix4.cpp */,
				E6C050941A0D2F73003497F2 /* Model.cpp */,
				E6C050951A0D2F73003497F2 /* Model.h */,
				E6C050971A0D31E7003497F2 /* ModelMilkshape3D.cpp */,
				E6C050981A0D31E7003497F2 /* ModelMilkshape3D.h */,
				E6109D621A1BC1D5000551D0 /* ModelObj.cpp */,
				E680426E19EA496A00DD2896 /* MoveBy.cpp */,
				E680426F19EA496A00DD2896 /* MyImage.cpp */,
				E627BCAE1A23745500DBCF26 /* MyLight.cpp */,
				E627BCAF1A23745500DBCF26 /* MyLight.h */,
				E680427019EA496A00DD2896 /* Node.cpp */,
				E680427119EA496A00DD2896 /* Scene.cpp */,
				E680427219EA496A00DD2896 /* SceneManager.cpp */,
				E6BFDE9D1A1A0385008F84D4 /* SceneTermProject.cpp */,
				E680428919EA499500DD2896 /* SceneTutorial9.cpp */,
				E680428A19EA499500DD2896 /* SceneTutorial10.cpp */,
				E680428B19EA499500DD2896 /* SceneTutorial11.cpp */,
				E680428C19EA499500DD2896 /* SceneTutorial12.cpp */,
				E68042A119EA7D0900DD2896 /* SceneTutorial13.cpp */,
				E6FAB13B19EC186400D9BD81 /* SceneTutorial14.cpp */,
				E6C2B2DE19EBE40000CCFA07 /* SceneTutorial16.cpp */,
				E6C2B2DF19EBE40000CCFA07 /* SceneTutorial16.h */,
				E6C2B2E419ED529700CCFA07 /* SceneTutorial18.cpp */,
				E6C2B2E519ED529700CCFA07 /* SceneTutorial18.h */,
				E6C2B2E119ECCD3900CCFA07 /* SceneTutorial19.cpp */,
				E6C2B2E219ECCD3900CCFA07 /* SceneTutorial19.h */,
				E6F68A2119ED42B600C21A97 /* SceneTutorial20.cpp */,
				E6F68A2219ED42B600C21A97 /* SceneTutorial20.h */,
				E60FDAEA1A07592600F0A1AC /* SceneTutorial21.cpp */,
				E60FDAEC1A07592D00F0A1AC /* SceneTutorial22.cpp */,
				E638DF3419FF6AD500FF3C66 /* SceneTutorial23.cpp */,
				E638DF391A00E66200FF3C66 /* SceneTutorial24.cpp */,
				E64D25581A07956500E0E96D /* SceneTutorial25.cpp */,
				E6392ECB1A0CDDF300C6DA45 /* SceneTutorial26.cpp */,
				E6392ECC1A0CDDF300C6DA45 /* SceneTutorial26.h */,
				E6392ECE1A0CEA4200C6DA45 /* SceneTutorial27.cpp */,
				E6392ECF1A0CEA4200C6DA45 /* SceneTutorial27.h */,
				E6392ED11A0CF91200C6DA45 /* SceneTutorial28.cpp */,
				E6392ED21A0CF91200C6DA45 /* SceneTutorial28.h */,
				E64D255A1A08705700E0E96D /* SceneTutorial29.cpp */,
				E64D255B1A08705700E0E96D /* SceneTutorial29.h */,
				E6C050911A0D03C4003497F2 /* SceneTutorial31.cpp */,
				E6C050921A0D03C4003497F2 /* SceneTutorial31.h */,
				E613C2E91A1A4ADB00648095 /* SceneTutorial34.cpp */,
				E69F2A2E1A1AEF8600ABD1C5 /* SceneTutorial36.cpp */,
				E69A19981A24853800C6FD0B /* SceneTutorial37.cpp */,
				E680429919EA49BA00DD2896 /* SOIL.c */,
				E680427319EA496A00DD2896 /* Sprite.cpp */,
				E680429A19EA49BA00DD2896 /* stb_image_aug.c */,
				E6BFDE9F1A1A038A008F84D4 /* Treasure.cpp */,
				E680428019EA498000DD2896 /* Vector2.cpp */,
				E680428119EA498000DD2896 /* Vector3.cpp */,
			);
			name = "compile-sources";
			sourceTree = "<group>";
		};
		E6D8199B19D1D3C30073359B /* graphics-practice */ = {
			isa = PBXGroup;
			children = (
				E663370E19EA3F0C00510940 /* Base */,
				E663370919EA3A7400510940 /* Scenes */,
				E663370A19EA3A7400510940 /* Util */,
				E663370D19EA3A7400510940 /* Math */,
				E6D8199C19D1D3C30073359B /* graphics_pratice.1 */,
				E6D8199D19D1D3C30073359B /* main.cpp */,
				E6342C3E19D983D000B354BC /* Prefix.h */,
				E6F4E05219D9952200565658 /* Game.cpp */,
				E6F4E05319D9952200565658 /* Game.h */,
				E6C0509A1A0D3931003497F2 /* GL.h */,
			);
			path = "graphics-practice";
			sourceTree = "<group>";
		};
/* End PBXGroup section */

/* Begin PBXNativeTarget section */
		E61345E119C6EC3600B57A63 /* graphics-practice */ = {
			isa = PBXNativeTarget;
			buildConfigurationList = E61345EB19C6EC3600B57A63 /* Build configuration list for PBXNativeTarget "graphics-practice" */;
			buildPhases = (
				E61345DE19C6EC3600B57A63 /* Sources */,
				E61345DF19C6EC3600B57A63 /* Frameworks */,
				E61345E019C6EC3600B57A63 /* Copy Files */,
			);
			buildRules = (
			);
			dependencies = (
			);
			name = "graphics-practice";
			productName = "graphics-pratice";
			productReference = E61345E219C6EC3600B57A63 /* graphics-practice */;
			productType = "com.apple.product-type.tool";
		};
/* End PBXNativeTarget section */

/* Begin PBXProject section */
		E61345DA19C6EC3600B57A63 /* Project object */ = {
			isa = PBXProject;
			attributes = {
				LastUpgradeCheck = 0600;
				ORGANIZATIONNAME = loki;
			};
			buildConfigurationList = E61345DD19C6EC3600B57A63 /* Build configuration list for PBXProject "graphics-practice" */;
			compatibilityVersion = "Xcode 3.2";
			developmentRegion = English;
			hasScannedForEncodings = 0;
			knownRegions = (
				en,
			);
			mainGroup = E61345D919C6EC3600B57A63;
			productRefGroup = E61345E319C6EC3600B57A63 /* Products */;
			projectDirPath = "";
			projectRoot = "";
			targets = (
				E61345E119C6EC3600B57A63 /* graphics-practice */,
			);
		};
/* End PBXProject section */

/* Begin PBXSourcesBuildPhase section */
		E61345DE19C6EC3600B57A63 /* Sources */ = {
			isa = PBXSourcesBuildPhase;
			buildActionMask = 2147483647;
			files = (
				E69F2A2F1A1AEF8600ABD1C5 /* SceneTutorial36.cpp in Sources */,
				E613C2EA1A1A4ADB00648095 /* SceneTutorial34.cpp in Sources */,
				E6BFDEA01A1A038A008F84D4 /* Treasure.cpp in Sources */,
				E6BFDE9E1A1A0385008F84D4 /* SceneTermProject.cpp in Sources */,
				E638DF3B1A00E69900FF3C66 /* Color4f.cpp in Sources */,
				E638DF3C1A00E69900FF3C66 /* SceneTutorial24.cpp in Sources */,
				E6392ECD1A0CDDF300C6DA45 /* SceneTutorial26.cpp in Sources */,
				E6392ED01A0CEA4200C6DA45 /* SceneTutorial27.cpp in Sources */,
				E680429B19EA49BA00DD2896 /* image_DXT.c in Sources */,
				E680429C19EA49BA00DD2896 /* image_helper.c in Sources */,
				E680429D19EA49BA00DD2896 /* SOIL.c in Sources */,
				E6C2B2E619ED529700CCFA07 /* SceneTutorial18.cpp in Sources */,
				E680429E19EA49BA00DD2896 /* stb_image_aug.c in Sources */,
				E680429519EA49A300DD2896 /* Keyboard.cpp in Sources */,
				E6C050991A0D31E7003497F2 /* ModelMilkshape3D.cpp in Sources */,
				E680429619EA49A300DD2896 /* Macro.cpp in Sources */,
				E627BCB01A23745500DBCF26 /* MyLight.cpp in Sources */,
				E6C050931A0D03C4003497F2 /* SceneTutorial31.cpp in Sources */,
				E680428F19EA499500DD2896 /* SceneTutorial9.cpp in Sources */,
				E64D25591A07956500E0E96D /* SceneTutorial25.cpp in Sources */,
				E638DF3519FF6AD500FF3C66 /* SceneTutorial23.cpp in Sources */,
				E6F68A2319ED42B600C21A97 /* SceneTutorial20.cpp in Sources */,
				E680429019EA499500DD2896 /* SceneTutorial10.cpp in Sources */,
				E680429119EA499500DD2896 /* SceneTutorial11.cpp in Sources */,
				E680429219EA499500DD2896 /* SceneTutorial12.cpp in Sources */,
				E64D255C1A08705700E0E96D /* SceneTutorial29.cpp in Sources */,
				E68042A219EA7D0900DD2896 /* SceneTutorial13.cpp in Sources */,
				E6FAB13C19EC186400D9BD81 /* SceneTutorial14.cpp in Sources */,
				E69A19991A24853800C6FD0B /* SceneTutorial37.cpp in Sources */,
				E680428219EA498000DD2896 /* Matrix2.cpp in Sources */,
				E6C2B2E319ECCD3900CCFA07 /* SceneTutorial19.cpp in Sources */,
				E60FDAEB1A07592600F0A1AC /* SceneTutorial21.cpp in Sources */,
				E60FDAED1A07592D00F0A1AC /* SceneTutorial22.cpp in Sources */,
				E680428319EA498000DD2896 /* Matrix3.cpp in Sources */,
				E680428419EA498000DD2896 /* Matrix4.cpp in Sources */,
				E680428519EA498000DD2896 /* Vector2.cpp in Sources */,
				E680428619EA498000DD2896 /* Vector3.cpp in Sources */,
				E6109D631A1BC1D5000551D0 /* ModelObj.cpp in Sources */,
				E6C050961A0D2F73003497F2 /* Model.cpp in Sources */,
				E680427419EA496A00DD2896 /* Action.cpp in Sources */,
				E680427519EA496A00DD2896 /* ActionManager.cpp in Sources */,
				E680427619EA496A00DD2896 /* Cube.cpp in Sources */,
				E680427719EA496A00DD2896 /* MoveBy.cpp in Sources */,
				E6C2B2E019EBE40000CCFA07 /* SceneTutorial16.cpp in Sources */,
				E6392ED31A0CF91200C6DA45 /* SceneTutorial28.cpp in Sources */,
				E680427819EA496A00DD2896 /* MyImage.cpp in Sources */,
				E680427919EA496A00DD2896 /* Node.cpp in Sources */,
				E680427A19EA496A00DD2896 /* Scene.cpp in Sources */,
				E680427B19EA496A00DD2896 /* SceneManager.cpp in Sources */,
				E680427C19EA496A00DD2896 /* Sprite.cpp in Sources */,
				E6D819A019D1D3DB0073359B /* main.cpp in Sources */,
				E680426619EA475B00DD2896 /* Game.cpp in Sources */,
			);
			runOnlyForDeploymentPostprocessing = 0;
		};
/* End PBXSourcesBuildPhase section */

/* Begin XCBuildConfiguration section */
		E61345E919C6EC3600B57A63 /* Debug */ = {
			isa = XCBuildConfiguration;
			buildSettings = {
				ALWAYS_SEARCH_USER_PATHS = NO;
				CLANG_CXX_LANGUAGE_STANDARD = "gnu++0x";
				CLANG_CXX_LIBRARY = "libstdc++";
				CLANG_ENABLE_MODULES = YES;
				CLANG_ENABLE_OBJC_ARC = YES;
				CLANG_WARN_BOOL_CONVERSION = YES;
				CLANG_WARN_CONSTANT_CONVERSION = YES;
				CLANG_WARN_DIRECT_OBJC_ISA_USAGE = YES_ERROR;
				CLANG_WARN_EMPTY_BODY = YES;
				CLANG_WARN_ENUM_CONVERSION = YES;
				CLANG_WARN_INT_CONVERSION = YES;
				CLANG_WARN_OBJC_ROOT_CLASS = YES_ERROR;
				CLANG_WARN__DUPLICATE_METHOD_MATCH = YES;
				COPY_PHASE_STRIP = NO;
				GCC_C_LANGUAGE_STANDARD = gnu99;
				GCC_DYNAMIC_NO_PIC = NO;
				GCC_ENABLE_OBJC_EXCEPTIONS = YES;
				GCC_OPTIMIZATION_LEVEL = 0;
				GCC_PREPROCESSOR_DEFINITIONS = (
					"DEBUG=1",
					"$(inherited)",
				);
				GCC_SYMBOLS_PRIVATE_EXTERN = NO;
				GCC_WARN_64_TO_32_BIT_CONVERSION = YES;
				GCC_WARN_ABOUT_RETURN_TYPE = YES_ERROR;
				GCC_WARN_UNDECLARED_SELECTOR = YES;
				GCC_WARN_UNINITIALIZED_AUTOS = YES_AGGRESSIVE;
				GCC_WARN_UNUSED_FUNCTION = YES;
				GCC_WARN_UNUSED_VARIABLE = YES;
				HEADER_SEARCH_PATHS = (
					"$(inherited)",
					/Applications/Xcode.app/Contents/Developer/Toolchains/XcodeDefault.xctoolchain/usr/include,
					"\"$(SRCROOT)/library/SOIL/src\"",
				);
				MACOSX_DEPLOYMENT_TARGET = 10.8;
				ONLY_ACTIVE_ARCH = YES;
				SDKROOT = macosx;
			};
			name = Debug;
		};
		E61345EA19C6EC3600B57A63 /* Release */ = {
			isa = XCBuildConfiguration;
			buildSettings = {
				ALWAYS_SEARCH_USER_PATHS = NO;
				CLANG_CXX_LANGUAGE_STANDARD = "gnu++0x";
				CLANG_CXX_LIBRARY = "libstdc++";
				CLANG_ENABLE_MODULES = YES;
				CLANG_ENABLE_OBJC_ARC = YES;
				CLANG_WARN_BOOL_CONVERSION = YES;
				CLANG_WARN_CONSTANT_CONVERSION = YES;
				CLANG_WARN_DIRECT_OBJC_ISA_USAGE = YES_ERROR;
				CLANG_WARN_EMPTY_BODY = YES;
				CLANG_WARN_ENUM_CONVERSION = YES;
				CLANG_WARN_INT_CONVERSION = YES;
				CLANG_WARN_OBJC_ROOT_CLASS = YES_ERROR;
				CLANG_WARN__DUPLICATE_METHOD_MATCH = YES;
				COPY_PHASE_STRIP = YES;
				DEBUG_INFORMATION_FORMAT = "dwarf-with-dsym";
				ENABLE_NS_ASSERTIONS = NO;
				GCC_C_LANGUAGE_STANDARD = gnu99;
				GCC_ENABLE_OBJC_EXCEPTIONS = YES;
				GCC_WARN_64_TO_32_BIT_CONVERSION = YES;
				GCC_WARN_ABOUT_RETURN_TYPE = YES_ERROR;
				GCC_WARN_UNDECLARED_SELECTOR = YES;
				GCC_WARN_UNINITIALIZED_AUTOS = YES_AGGRESSIVE;
				GCC_WARN_UNUSED_FUNCTION = YES;
				GCC_WARN_UNUSED_VARIABLE = YES;
				HEADER_SEARCH_PATHS = (
					"$(inherited)",
					/Applications/Xcode.app/Contents/Developer/Toolchains/XcodeDefault.xctoolchain/usr/include,
					"\"$(SRCROOT)/library/SOIL/src\"",
				);
				MACOSX_DEPLOYMENT_TARGET = 10.8;
				SDKROOT = macosx;
			};
			name = Release;
		};
		E61345EC19C6EC3600B57A63 /* Debug */ = {
			isa = XCBuildConfiguration;
			buildSettings = {
				LIBRARY_SEARCH_PATHS = (
					"$(inherited)",
					"$(PROJECT_DIR)/library/SOIL/lib",
				);
				PRODUCT_NAME = "graphics-practice";
			};
			name = Debug;
		};
		E61345ED19C6EC3600B57A63 /* Release */ = {
			isa = XCBuildConfiguration;
			buildSettings = {
				LIBRARY_SEARCH_PATHS = (
					"$(inherited)",
					"$(PROJECT_DIR)/library/SOIL/lib",
				);
				PRODUCT_NAME = "graphics-practice";
			};
			name = Release;
		};
/* End XCBuildConfiguration section */

/* Begin XCConfigurationList section */
		E61345DD19C6EC3600B57A63 /* Build configuration list for PBXProject "graphics-practice" */ = {
			isa = XCConfigurationList;
			buildConfigurations = (
				E61345E919C6EC3600B57A63 /* Debug */,
				E61345EA19C6EC3600B57A63 /* Release */,
			);
			defaultConfigurationIsVisible = 0;
			defaultConfigurationName = Release;
		};
		E61345EB19C6EC3600B57A63 /* Build configuration list for PBXNativeTarget "graphics-practice" */ = {
			isa = XCConfigurationList;
			buildConfigurations = (
				E61345EC19C6EC3600B57A63 /* Debug */,
				E61345ED19C6EC3600B57A63 /* Release */,
			);
			defaultConfigurationIsVisible = 0;
			defaultConfigurationName = Release;
		};
/* End XCConfigurationList section */
	};
	rootObject = E61345DA19C6EC3600B57A63 /* Project object */;
}
